{
	"name": "@cloudinary/ng",
	"version": "2.1.1",
	"lockfileVersion": 2,
	"requires": true,
	"packages": {
		"": {
			"name": "@cloudinary/ng",
			"version": "2.0.2",
			"devDependencies": {
				"@angular/common": "~12.2.16",
				"@angular/core": "~12.2.16",
				"@cloudinary/url-gen": "^1.16.0"
			},
			"peerDependencies": {
				"@angular/common": ">=12.0.0",
				"@angular/core": ">=12.0.0"
			}
		},
		"node_modules/@angular/common": {
			"version": "12.2.17",
			"resolved": "https://registry.npmjs.org/@angular/common/-/common-12.2.17.tgz",
			"integrity": "sha512-/Rc83mzlL6YZScYTzg+Ng2hiCSf3jUVHAfQ8cyLOIMj/y8863Q+DMLVWW+ttvHwCjEFY44pC8IPyBl5FmSJYHg==",
			"dev": true,
			"dependencies": {
				"tslib": "^2.2.0"
			},
			"engines": {
				"node": "^12.14.1 || >=14.0.0"
			},
			"peerDependencies": {
				"@angular/core": "12.2.17",
				"rxjs": "^6.5.3 || ^7.0.0"
			}
		},
		"node_modules/@angular/core": {
			"version": "12.2.17",
			"resolved": "https://registry.npmjs.org/@angular/core/-/core-12.2.17.tgz",
			"integrity": "sha512-XUvTgU0D8XqNH5Y7UlTMk/XjUQaEGC0kZxhw/QSSQr65WrXtXmcD4d8Cg84TJ52uGXmf7IAruKvtbvu1Mbmvug==",
			"dev": true,
			"dependencies": {
				"tslib": "^2.2.0"
			},
			"engines": {
				"node": "^12.14.1 || >=14.0.0"
			},
			"peerDependencies": {
				"rxjs": "^6.5.3 || ^7.0.0",
				"zone.js": "~0.11.4"
			}
		},
		"node_modules/@cloudinary/transformation-builder-sdk": {
			"version": "1.15.2",
			"resolved": "https://registry.npmjs.org/@cloudinary/transformation-builder-sdk/-/transformation-builder-sdk-1.15.2.tgz",
			"integrity": "sha512-oXYaW/whGaQVlR1O/ocp7vYcxaMAy3uGcQ8+8xjbfDCy/+c+zFIuP6JKI8L05kzqw7Wjh0cqzG+4u0X1UpPh+A==",
			"dev": true,
			"dependencies": {
				"@cloudinary/url-gen": "^1.7.0"
			}
		},
		"node_modules/@cloudinary/url-gen": {
			"version": "1.21.0",
			"resolved": "https://registry.npmjs.org/@cloudinary/url-gen/-/url-gen-1.21.0.tgz",
			"integrity": "sha512-ctYcCzX3G3vcgnESTU2ET3K1XsBiXcEnBddCGV0QbR3fJhLLrIShjSMEwZoepgh4LAFOHJu9DzvLFr+E8R7c7g==",
			"dev": true,
			"dependencies": {
				"@cloudinary/transformation-builder-sdk": "^1.15.1"
			}
		},
		"node_modules/rxjs": {
			"version": "7.8.1",
			"resolved": "https://registry.npmjs.org/rxjs/-/rxjs-7.8.1.tgz",
			"integrity": "sha512-AA3TVj+0A2iuIoQkWEK/tqFjBq2j+6PO6Y0zJcvzLAFhEFIO3HL0vls9hWLncZbAAbK0mar7oZ4V079I/qPMxg==",
			"dev": true,
			"peer": true,
			"dependencies": {
				"tslib": "^2.1.0"
			}
		},
		"node_modules/tslib": {
			"version": "2.8.0",
			"resolved": "https://registry.npmjs.org/tslib/-/tslib-2.8.0.tgz",
			"integrity": "sha512-jWVzBLplnCmoaTr13V9dYbiQ99wvZRd0vNWaDRg+aVYRcjDF3nDksxFDE/+fkXnKhpnUUkmx5pK/v8mCtLVqZA==",
			"dev": true
		},
		"node_modules/zone.js": {
			"version": "0.11.8",
			"resolved": "https://registry.npmjs.org/zone.js/-/zone.js-0.11.8.tgz",
			"integrity": "sha512-82bctBg2hKcEJ21humWIkXRlLBBmrc3nN7DFh5LGGhcyycO2S7FN8NmdvlcKaGFDNVL4/9kFLmwmInTavdJERA==",
			"dev": true,
			"peer": true,
			"dependencies": {
				"tslib": "^2.3.0"
			}
		}
	},
	"dependencies": {
		"@angular/common": {
			"version": "12.2.17",
			"resolved": "https://registry.npmjs.org/@angular/common/-/common-12.2.17.tgz",
			"integrity": "sha512-/Rc83mzlL6YZScYTzg+Ng2hiCSf3jUVHAfQ8cyLOIMj/y8863Q+DMLVWW+ttvHwCjEFY44pC8IPyBl5FmSJYHg==",
			"dev": true,
			"requires": {
				"tslib": "^2.2.0"
			}
		},
		"@angular/core": {
			"version": "12.2.17",
			"resolved": "https://registry.npmjs.org/@angular/core/-/core-12.2.17.tgz",
			"integrity": "sha512-XUvTgU0D8XqNH5Y7UlTMk/XjUQaEGC0kZxhw/QSSQr65WrXtXmcD4d8Cg84TJ52uGXmf7IAruKvtbvu1Mbmvug==",
			"dev": true,
			"requires": {
				"tslib": "^2.2.0"
			}
		},
		"@cloudinary/transformation-builder-sdk": {
			"version": "1.15.2",
			"resolved": "https://registry.npmjs.org/@cloudinary/transformation-builder-sdk/-/transformation-builder-sdk-1.15.2.tgz",
			"integrity": "sha512-oXYaW/whGaQVlR1O/ocp7vYcxaMAy3uGcQ8+8xjbfDCy/+c+zFIuP6JKI8L05kzqw7Wjh0cqzG+4u0X1UpPh+A==",
			"dev": true,
			"requires": {
				"@cloudinary/url-gen": "^1.7.0"
			}
		},
		"@cloudinary/url-gen": {
			"version": "1.21.0",
			"resolved": "https://registry.npmjs.org/@cloudinary/url-gen/-/url-gen-1.21.0.tgz",
			"integrity": "sha512-ctYcCzX3G3vcgnESTU2ET3K1XsBiXcEnBddCGV0QbR3fJhLLrIShjSMEwZoepgh4LAFOHJu9DzvLFr+E8R7c7g==",
			"dev": true,
			"requires": {
				"@cloudinary/transformation-builder-sdk": "^1.15.1"
			}
		},
		"rxjs": {
			"version": "7.8.1",
			"resolved": "https://registry.npmjs.org/rxjs/-/rxjs-7.8.1.tgz",
			"integrity": "sha512-AA3TVj+0A2iuIoQkWEK/tqFjBq2j+6PO6Y0zJcvzLAFhEFIO3HL0vls9hWLncZbAAbK0mar7oZ4V079I/qPMxg==",
			"dev": true,
			"peer": true,
			"requires": {
				"tslib": "^2.1.0"
			}
		},
		"tslib": {
			"version": "2.8.0",
			"resolved": "https://registry.npmjs.org/tslib/-/tslib-2.8.0.tgz",
			"integrity": "sha512-jWVzBLplnCmoaTr13V9dYbiQ99wvZRd0vNWaDRg+aVYRcjDF3nDksxFDE/+fkXnKhpnUUkmx5pK/v8mCtLVqZA==",
			"dev": true
		},
		"zone.js": {
			"version": "0.11.8",
			"resolved": "https://registry.npmjs.org/zone.js/-/zone.js-0.11.8.tgz",
			"integrity": "sha512-82bctBg2hKcEJ21humWIkXRlLBBmrc3nN7DFh5LGGhcyycO2S7FN8NmdvlcKaGFDNVL4/9kFLmwmInTavdJERA==",
			"dev": true,
			"peer": true,
			"requires": {
				"tslib": "^2.3.0"
			}
		}
	}
}
