{
  "name": "@cloudinary/ng",
  "version": "2.1.1",
  "lockfileVersion": 2,
  "requires": true,
  "packages": {
    "": {
      "name": "@cloudinary/ng",
      "version": "2.1.1",
      "dependencies": {
        "@cloudinary/html": "^1.13.1"
      },
      "devDependencies": {
        "@angular/common": "~12.2.16",
        "@angular/core": "~12.2.16",
        "@cloudinary/url-gen": "^1.21.0"
      },
      "peerDependencies": {
        "@angular/common": ">=12.0.0",
        "@angular/core": ">=12.0.0"
      }
    },
    "node_modules/@angular/common": {
      "version": "12.2.17",
      "resolved": "https://cloudinary-232482882421.d.codeartifact.us-east-1.amazonaws.com/npm/cld-npm-store/@angular/common/-/common-12.2.17.tgz",
      "integrity": "sha512-/Rc83mzlL6YZScYTzg+Ng2hiCSf3jUVHAfQ8cyLOIMj/y8863Q+DMLVWW+ttvHwCjEFY44pC8IPyBl5FmSJYHg==",
      "dev": true,
      "dependencies": {
        "tslib": "^2.2.0"
      },
      "engines": {
        "node": "^12.14.1 || >=14.0.0"
      },
      "peerDependencies": {
        "@angular/core": "12.2.17",
        "rxjs": "^6.5.3 || ^7.0.0"
      }
    },
    "node_modules/@angular/core": {
      "version": "12.2.17",
      "resolved": "https://cloudinary-232482882421.d.codeartifact.us-east-1.amazonaws.com/npm/cld-npm-store/@angular/core/-/core-12.2.17.tgz",
      "integrity": "sha512-XUvTgU0D8XqNH5Y7UlTMk/XjUQaEGC0kZxhw/QSSQr65WrXtXmcD4d8Cg84TJ52uGXmf7IAruKvtbvu1Mbmvug==",
      "dev": true,
      "dependencies": {
        "tslib": "^2.2.0"
      },
      "engines": {
        "node": "^12.14.1 || >=14.0.0"
      },
      "peerDependencies": {
        "rxjs": "^6.5.3 || ^7.0.0",
        "zone.js": "~0.11.4"
      }
    },
    "node_modules/@cloudinary/html": {
      "version": "1.13.1",
      "integrity": "sha512-DPCyfHnl3eoIH52zprJGJFMb6pQNw/8bXzcpvhnYBUrAr+vS71vjWLd2aojvq1WI2ylfGK/L41y6+0YRrSo3/A==",
      "dependencies": {
        "@types/lodash.clonedeep": "^4.5.6",
        "@types/lodash.debounce": "^4.0.6",
        "@types/node": "^14.14.10",
        "lodash.clonedeep": "^4.5.0",
        "lodash.debounce": "^4.0.8",
        "typescript": "^4.1.2"
      }
    },
    "node_modules/@cloudinary/html/node_modules/@types/lodash": {
      "version": "4.17.13",
      "resolved": "https://registry.npmjs.org/@types/lodash/-/lodash-4.17.13.tgz",
      "integrity": "sha512-lfx+dftrEZcdBPczf9d0Qv0x+j/rfNCMuC6OcfXmO8gkfeNAY88PgKUbvG56whcN23gc27yenwF6oJZXGFpYxg=="
    },
    "node_modules/@cloudinary/html/node_modules/@types/lodash.clonedeep": {
      "version": "4.5.9",
      "resolved": "https://registry.npmjs.org/@types/lodash.clonedeep/-/lodash.clonedeep-4.5.9.tgz",
      "integrity": "sha512-19429mWC+FyaAhOLzsS8kZUsI+/GmBAQ0HFiCPsKGU+7pBXOQWhyrY6xNNDwUSX8SMZMJvuFVMF9O5dQOlQK9Q==",
      "dependencies": {
        "@types/lodash": "*"
      }
    },
    "node_modules/@cloudinary/html/node_modules/@types/lodash.debounce": {
      "version": "4.0.9",
      "resolved": "https://registry.npmjs.org/@types/lodash.debounce/-/lodash.debounce-4.0.9.tgz",
      "integrity": "sha512-Ma5JcgTREwpLRwMM+XwBR7DaWe96nC38uCBDFKZWbNKD+osjVzdpnUSwBcqCptrp16sSOLBAUb50Car5I0TCsQ==",
      "dependencies": {
        "@types/lodash": "*"
      }
    },
    "node_modules/@cloudinary/html/node_modules/@types/node": {
      "version": "14.18.63",
      "resolved": "https://registry.npmjs.org/@types/node/-/node-14.18.63.tgz",
      "integrity": "sha512-fAtCfv4jJg+ExtXhvCkCqUKZ+4ok/JQk01qDKhL5BDDoS3AxKXhV5/MAVUZyQnSEd2GT92fkgZl0pz0Q0AzcIQ=="
    },
    "node_modules/@cloudinary/html/node_modules/lodash.clonedeep": {
      "version": "4.5.0",
      "resolved": "https://registry.npmjs.org/lodash.clonedeep/-/lodash.clonedeep-4.5.0.tgz",
      "integrity": "sha512-H5ZhCF25riFd9uB5UCkVKo61m3S/xZk1x4wA6yp/L3RFP6Z/eHH1ymQcGLo7J3GMPfm0V/7m1tryHuGVxpqEBQ=="
    },
    "node_modules/@cloudinary/html/node_modules/lodash.debounce": {
      "version": "4.0.8",
      "resolved": "https://registry.npmjs.org/lodash.debounce/-/lodash.debounce-4.0.8.tgz",
      "integrity": "sha512-FT1yDzDYEoYWhnSGnpE/4Kj1fLZkDFyqRb7fNt6FdYOSxlUWAtp42Eh6Wb0rGIv/m9Bgo7x4GhQbm5Ys4SG5ow=="
    },
    "node_modules/@cloudinary/html/node_modules/typescript": {
      "version": "4.9.5",
      "resolved": "https://registry.npmjs.org/typescript/-/typescript-4.9.5.tgz",
      "integrity": "sha512-1FXk9E2Hm+QzZQ7z+McJiHL4NW1F2EzMu9Nq9i3zAaGqibafqYwCVU6WyWAuyQRRzOlxou8xZSyXLEN8oKj24g==",
      "bin": {
        "tsc": "bin/tsc",
        "tsserver": "bin/tsserver"
      },
      "engines": {
        "node": ">=4.2.0"
      }
    },
    "node_modules/@cloudinary/transformation-builder-sdk": {
      "version": "1.16.1",
      "resolved": "https://registry.npmjs.org/@cloudinary/transformation-builder-sdk/-/transformation-builder-sdk-1.16.1.tgz",
      "integrity": "sha512-Mh1qYMkoDxSAzbt0qY9NJaZrdH/vFBcrpeVWmbTXbPVDZHLaaLyJ2+RDFGger5lycbrehPLoNp2hh22BvhkvbQ==",
      "dev": true,
      "dependencies": {
        "@cloudinary/url-gen": "^1.7.0"
      }
    },
    "node_modules/@cloudinary/url-gen": {
      "version": "1.21.0",
      "resolved": "https://registry.npmjs.org/@cloudinary/url-gen/-/url-gen-1.21.0.tgz",
      "integrity": "sha512-ctYcCzX3G3vcgnESTU2ET3K1XsBiXcEnBddCGV0QbR3fJhLLrIShjSMEwZoepgh4LAFOHJu9DzvLFr+E8R7c7g==",
      "dev": true,
      "dependencies": {
        "@cloudinary/transformation-builder-sdk": "^1.15.1"
      }
    },
    "node_modules/tslib": {
      "version": "2.8.1",
      "resolved": "https://cloudinary-232482882421.d.codeartifact.us-east-1.amazonaws.com/npm/cld-npm-store/tslib/-/tslib-2.8.1.tgz",
      "integrity": "sha512-oJFu94HQb+KVduSUQL7wnpmqnfmLsOA/nAh6b6EH0wCEoK0/mPeXU6c3wKDV83MkOuHPRHtSXKKU99IBazS/2w==",
      "dev": true
    }
  },
  "dependencies": {
    "@angular/common": {
      "version": "12.2.17",
      "resolved": "https://cloudinary-232482882421.d.codeartifact.us-east-1.amazonaws.com/npm/cld-npm-store/@angular/common/-/common-12.2.17.tgz",
      "integrity": "sha512-/Rc83mzlL6YZScYTzg+Ng2hiCSf3jUVHAfQ8cyLOIMj/y8863Q+DMLVWW+ttvHwCjEFY44pC8IPyBl5FmSJYHg==",
      "dev": true,
      "requires": {
        "tslib": "^2.2.0"
      }
    },
    "@angular/core": {
      "version": "12.2.17",
      "resolved": "https://cloudinary-232482882421.d.codeartifact.us-east-1.amazonaws.com/npm/cld-npm-store/@angular/core/-/core-12.2.17.tgz",
      "integrity": "sha512-XUvTgU0D8XqNH5Y7UlTMk/XjUQaEGC0kZxhw/QSSQr65WrXtXmcD4d8Cg84TJ52uGXmf7IAruKvtbvu1Mbmvug==",
      "dev": true,
      "requires": {
        "tslib": "^2.2.0"
      }
    },
    "@cloudinary/html": {
      "version": "1.13.1",
      "requires": {
        "@types/lodash.clonedeep": "^4.5.6",
        "@types/lodash.debounce": "^4.0.6",
        "@types/node": "^14.14.10",
        "lodash.clonedeep": "^4.5.0",
        "lodash.debounce": "^4.0.8",
        "typescript": "^4.1.2"
      },
      "dependencies": {
        "@types/lodash": {
          "version": "4.17.13",
          "resolved": "https://registry.npmjs.org/@types/lodash/-/lodash-4.17.13.tgz",
          "integrity": "sha512-lfx+dftrEZcdBPczf9d0Qv0x+j/rfNCMuC6OcfXmO8gkfeNAY88PgKUbvG56whcN23gc27yenwF6oJZXGFpYxg=="
        },
        "@types/lodash.clonedeep": {
          "version": "4.5.9",
          "resolved": "https://registry.npmjs.org/@types/lodash.clonedeep/-/lodash.clonedeep-4.5.9.tgz",
          "integrity": "sha512-19429mWC+FyaAhOLzsS8kZUsI+/GmBAQ0HFiCPsKGU+7pBXOQWhyrY6xNNDwUSX8SMZMJvuFVMF9O5dQOlQK9Q==",
          "requires": {
            "@types/lodash": "*"
          }
        },
        "@types/lodash.debounce": {
          "version": "4.0.9",
          "resolved": "https://registry.npmjs.org/@types/lodash.debounce/-/lodash.debounce-4.0.9.tgz",
          "integrity": "sha512-Ma5JcgTREwpLRwMM+XwBR7DaWe96nC38uCBDFKZWbNKD+osjVzdpnUSwBcqCptrp16sSOLBAUb50Car5I0TCsQ==",
          "requires": {
            "@types/lodash": "*"
          }
        },
        "@types/node": {
          "version": "14.18.63",
          "resolved": "https://registry.npmjs.org/@types/node/-/node-14.18.63.tgz",
          "integrity": "sha512-fAtCfv4jJg+ExtXhvCkCqUKZ+4ok/JQk01qDKhL5BDDoS3AxKXhV5/MAVUZyQnSEd2GT92fkgZl0pz0Q0AzcIQ=="
        },
        "lodash.clonedeep": {
          "version": "4.5.0",
          "resolved": "https://registry.npmjs.org/lodash.clonedeep/-/lodash.clonedeep-4.5.0.tgz",
          "integrity": "sha512-H5ZhCF25riFd9uB5UCkVKo61m3S/xZk1x4wA6yp/L3RFP6Z/eHH1ymQcGLo7J3GMPfm0V/7m1tryHuGVxpqEBQ=="
        },
        "lodash.debounce": {
          "version": "4.0.8",
          "resolved": "https://registry.npmjs.org/lodash.debounce/-/lodash.debounce-4.0.8.tgz",
          "integrity": "sha512-FT1yDzDYEoYWhnSGnpE/4Kj1fLZkDFyqRb7fNt6FdYOSxlUWAtp42Eh6Wb0rGIv/m9Bgo7x4GhQbm5Ys4SG5ow=="
        },
        "typescript": {
          "version": "4.9.5",
          "resolved": "https://registry.npmjs.org/typescript/-/typescript-4.9.5.tgz",
          "integrity": "sha512-1FXk9E2Hm+QzZQ7z+McJiHL4NW1F2EzMu9Nq9i3zAaGqibafqYwCVU6WyWAuyQRRzOlxou8xZSyXLEN8oKj24g=="
        }
      }
    },
    "@cloudinary/transformation-builder-sdk": {
      "version": "1.16.1",
      "resolved": "https://registry.npmjs.org/@cloudinary/transformation-builder-sdk/-/transformation-builder-sdk-1.16.1.tgz",
      "integrity": "sha512-Mh1qYMkoDxSAzbt0qY9NJaZrdH/vFBcrpeVWmbTXbPVDZHLaaLyJ2+RDFGger5lycbrehPLoNp2hh22BvhkvbQ==",
      "dev": true,
      "requires": {
        "@cloudinary/url-gen": "^1.7.0"
      }
    },
    "@cloudinary/url-gen": {
      "version": "1.21.0",
      "resolved": "https://registry.npmjs.org/@cloudinary/url-gen/-/url-gen-1.21.0.tgz",
      "integrity": "sha512-ctYcCzX3G3vcgnESTU2ET3K1XsBiXcEnBddCGV0QbR3fJhLLrIShjSMEwZoepgh4LAFOHJu9DzvLFr+E8R7c7g==",
      "dev": true,
      "requires": {
        "@cloudinary/transformation-builder-sdk": "^1.15.1"
      }
    },
    "tslib": {
      "version": "2.8.1",
      "resolved": "https://cloudinary-232482882421.d.codeartifact.us-east-1.amazonaws.com/npm/cld-npm-store/tslib/-/tslib-2.8.1.tgz",
      "integrity": "sha512-oJFu94HQb+KVduSUQL7wnpmqnfmLsOA/nAh6b6EH0wCEoK0/mPeXU6c3wKDV83MkOuHPRHtSXKKU99IBazS/2w==",
      "dev": true
    }
  }
}
